// !$*UTF8*$!
{
	archiveVersion = 1;
	classes = {
	};
	objectVersion = 46;
	objects = {

/* Begin PBXBuildFile section */
		A87E90D11FC500C000EB57C7 /* main.m in Sources */ = {isa = PBXBuildFile; fileRef = A87E90D01FC500C000EB57C7 /* main.m */; };
		A87E90D41FC500C100EB57C7 /* AppDelegate.m in Sources */ = {isa = PBXBuildFile; fileRef = A87E90D31FC500C100EB57C7 /* AppDelegate.m */; };
		A87E90D71FC500C100EB57C7 /* ViewController.m in Sources */ = {isa = PBXBuildFile; fileRef = A87E90D61FC500C100EB57C7 /* ViewController.m */; };
		A87E90DA1FC500C100EB57C7 /* Main.storyboard in Resources */ = {isa = PBXBuildFile; fileRef = A87E90D81FC500C100EB57C7 /* Main.storyboard */; };
		A87E90DC1FC500C100EB57C7 /* Assets.xcassets in Resources */ = {isa = PBXBuildFile; fileRef = A87E90DB1FC500C100EB57C7 /* Assets.xcassets */; };
		A87E90DF1FC500C100EB57C7 /* LaunchScreen.storyboard in Resources */ = {isa = PBXBuildFile; fileRef = A87E90DD1FC500C100EB57C7 /* LaunchScreen.storyboard */; };
		A87E90EA1FC500C200EB57C7 /* BFWatchClientDemoTests.m in Sources */ = {isa = PBXBuildFile; fileRef = A87E90E91FC500C200EB57C7 /* BFWatchClientDemoTests.m */; };
		A87E90F51FC500C200EB57C7 /* BFWatchClientDemoUITests.m in Sources */ = {isa = PBXBuildFile; fileRef = A87E90F41FC500C200EB57C7 /* BFWatchClientDemoUITests.m */; };
		A87E91091FC502B600EB57C7 /* BFFunctionSB.storyboard in Resources */ = {isa = PBXBuildFile; fileRef = A87E91081FC502B600EB57C7 /* BFFunctionSB.storyboard */; };
		A87E910E1FC503B900EB57C7 /* BFFunctionCell.m in Sources */ = {isa = PBXBuildFile; fileRef = A87E910D1FC503B900EB57C7 /* BFFunctionCell.m */; };
		A87E91101FC503C700EB57C7 /* BFFunctionCell.xib in Resources */ = {isa = PBXBuildFile; fileRef = A87E910F1FC503C700EB57C7 /* BFFunctionCell.xib */; };
		A87E91131FC5041A00EB57C7 /* BFFunctionController.m in Sources */ = {isa = PBXBuildFile; fileRef = A87E91121FC5041A00EB57C7 /* BFFunctionController.m */; };
		A87E91181FC5176600EB57C7 /* BFFunctionItemView.m in Sources */ = {isa = PBXBuildFile; fileRef = A87E91171FC5176600EB57C7 /* BFFunctionItemView.m */; };
		A87E911A1FC5177800EB57C7 /* BFFunctionItemView.xib in Resources */ = {isa = PBXBuildFile; fileRef = A87E91191FC5177800EB57C7 /* BFFunctionItemView.xib */; };
		A87E91201FC55D6100EB57C7 /* BFFeatureModel.m in Sources */ = {isa = PBXBuildFile; fileRef = A87E911F1FC55D6100EB57C7 /* BFFeatureModel.m */; };
/* End PBXBuildFile section */

/* Begin PBXContainerItemProxy section */
		A87E90E61FC500C100EB57C7 /* PBXContainerItemProxy */ = {
			isa = PBXContainerItemProxy;
			containerPortal = A87E90C41FC500BF00EB57C7 /* Project object */;
			proxyType = 1;
			remoteGlobalIDString = A87E90CB1FC500BF00EB57C7;
			remoteInfo = BFWatchClientDemo;
		};
		A87E90F11FC500C200EB57C7 /* PBXContainerItemProxy */ = {
			isa = PBXContainerItemProxy;
			containerPortal = A87E90C41FC500BF00EB57C7 /* Project object */;
			proxyType = 1;
			remoteGlobalIDString = A87E90CB1FC500BF00EB57C7;
			remoteInfo = BFWatchClientDemo;
		};
/* End PBXContainerItemProxy section */

/* Begin PBXFileReference section */
		A87E90CC1FC500C000EB57C7 /* BFWatchClientDemo.app */ = {isa = PBXFileReference; explicitFileType = wrapper.application; includeInIndex = 0; path = BFWatchClientDemo.app; sourceTree = BUILT_PRODUCTS_DIR; };
		A87E90D01FC500C000EB57C7 /* main.m */ = {isa = PBXFileReference; lastKnownFileType = sourcecode.c.objc; path = main.m; sourceTree = "<group>"; };
		A87E90D21FC500C100EB57C7 /* AppDelegate.h */ = {isa = PBXFileReference; lastKnownFileType = sourcecode.c.h; path = AppDelegate.h; sourceTree = "<group>"; };
		A87E90D31FC500C100EB57C7 /* AppDelegate.m */ = {isa = PBXFileReference; lastKnownFileType = sourcecode.c.objc; path = AppDelegate.m; sourceTree = "<group>"; };
		A87E90D51FC500C100EB57C7 /* ViewController.h */ = {isa = PBXFileReference; lastKnownFileType = sourcecode.c.h; path = ViewController.h; sourceTree = "<group>"; };
		A87E90D61FC500C100EB57C7 /* ViewController.m */ = {isa = PBXFileReference; lastKnownFileType = sourcecode.c.objc; path = ViewController.m; sourceTree = "<group>"; };
		A87E90D91FC500C100EB57C7 /* Base */ = {isa = PBXFileReference; lastKnownFileType = file.storyboard; name = Base; path = Base.lproj/Main.storyboard; sourceTree = "<group>"; };
		A87E90DB1FC500C100EB57C7 /* Assets.xcassets */ = {isa = PBXFileReference; lastKnownFileType = folder.assetcatalog; path = Assets.xcassets; sourceTree = "<group>"; };
		A87E90DE1FC500C100EB57C7 /* Base */ = {isa = PBXFileReference; lastKnownFileType = file.storyboard; name = Base; path = Base.lproj/LaunchScreen.storyboard; sourceTree = "<group>"; };
		A87E90E01FC500C100EB57C7 /* Info.plist */ = {isa = PBXFileReference; lastKnownFileType = text.plist.xml; path = Info.plist; sourceTree = "<group>"; };
		A87E90E51FC500C100EB57C7 /* BFWatchClientDemoTests.xctest */ = {isa = PBXFileReference; explicitFileType = wrapper.cfbundle; includeInIndex = 0; path = BFWatchClientDemoTests.xctest; sourceTree = BUILT_PRODUCTS_DIR; };
		A87E90E91FC500C200EB57C7 /* BFWatchClientDemoTests.m */ = {isa = PBXFileReference; lastKnownFileType = sourcecode.c.objc; path = BFWatchClientDemoTests.m; sourceTree = "<group>"; };
		A87E90EB1FC500C200EB57C7 /* Info.plist */ = {isa = PBXFileReference; lastKnownFileType = text.plist.xml; path = Info.plist; sourceTree = "<group>"; };
		A87E90F01FC500C200EB57C7 /* BFWatchClientDemoUITests.xctest */ = {isa = PBXFileReference; explicitFileType = wrapper.cfbundle; includeInIndex = 0; path = BFWatchClientDemoUITests.xctest; sourceTree = BUILT_PRODUCTS_DIR; };
		A87E90F41FC500C200EB57C7 /* BFWatchClientDemoUITests.m */ = {isa = PBXFileReference; lastKnownFileType = sourcecode.c.objc; path = BFWatchClientDemoUITests.m; sourceTree = "<group>"; };
		A87E90F61FC500C200EB57C7 /* Info.plist */ = {isa = PBXFileReference; lastKnownFileType = text.plist.xml; path = Info.plist; sourceTree = "<group>"; };
		A87E91081FC502B600EB57C7 /* BFFunctionSB.storyboard */ = {isa = PBXFileReference; fileEncoding = 4; lastKnownFileType = file.storyboard; path = BFFunctionSB.storyboard; sourceTree = "<group>"; };
		A87E910C1FC503B900EB57C7 /* BFFunctionCell.h */ = {isa = PBXFileReference; fileEncoding = 4; lastKnownFileType = sourcecode.c.h; path = BFFunctionCell.h; sourceTree = "<group>"; };
		A87E910D1FC503B900EB57C7 /* BFFunctionCell.m */ = {isa = PBXFileReference; fileEncoding = 4; lastKnownFileType = sourcecode.c.objc; path = BFFunctionCell.m; sourceTree = "<group>"; };
		A87E910F1FC503C700EB57C7 /* BFFunctionCell.xib */ = {isa = PBXFileReference; fileEncoding = 4; lastKnownFileType = file.xib; path = BFFunctionCell.xib; sourceTree = "<group>"; };
		A87E91111FC5041A00EB57C7 /* BFFunctionController.h */ = {isa = PBXFileReference; fileEncoding = 4; lastKnownFileType = sourcecode.c.h; path = BFFunctionController.h; sourceTree = "<group>"; };
		A87E91121FC5041A00EB57C7 /* BFFunctionController.m */ = {isa = PBXFileReference; fileEncoding = 4; lastKnownFileType = sourcecode.c.objc; path = BFFunctionController.m; sourceTree = "<group>"; };
		A87E91161FC5176600EB57C7 /* BFFunctionItemView.h */ = {isa = PBXFileReference; fileEncoding = 4; lastKnownFileType = sourcecode.c.h; path = BFFunctionItemView.h; sourceTree = "<group>"; };
		A87E91171FC5176600EB57C7 /* BFFunctionItemView.m */ = {isa = PBXFileReference; fileEncoding = 4; lastKnownFileType = sourcecode.c.objc; path = BFFunctionItemView.m; sourceTree = "<group>"; };
		A87E91191FC5177800EB57C7 /* BFFunctionItemView.xib */ = {isa = PBXFileReference; fileEncoding = 4; lastKnownFileType = file.xib; path = BFFunctionItemView.xib; sourceTree = "<group>"; };
		A87E911E1FC55D6100EB57C7 /* BFFeatureModel.h */ = {isa = PBXFileReference; fileEncoding = 4; lastKnownFileType = sourcecode.c.h; path = BFFeatureModel.h; sourceTree = "<group>"; };
		A87E911F1FC55D6100EB57C7 /* BFFeatureModel.m */ = {isa = PBXFileReference; fileEncoding = 4; lastKnownFileType = sourcecode.c.objc; path = BFFeatureModel.m; sourceTree = "<group>"; };
/* End PBXFileReference section */

/* Begin PBXFrameworksBuildPhase section */
		A87E90C91FC500BF00EB57C7 /* Frameworks */ = {
			isa = PBXFrameworksBuildPhase;
			buildActionMask = 2147483647;
			files = (
			);
			runOnlyForDeploymentPostprocessing = 0;
		};
		A87E90E21FC500C100EB57C7 /* Frameworks */ = {
			isa = PBXFrameworksBuildPhase;
			buildActionMask = 2147483647;
			files = (
			);
			runOnlyForDeploymentPostprocessing = 0;
		};
		A87E90ED1FC500C200EB57C7 /* Frameworks */ = {
			isa = PBXFrameworksBuildPhase;
			buildActionMask = 2147483647;
			files = (
			);
			runOnlyForDeploymentPostprocessing = 0;
		};
/* End PBXFrameworksBuildPhase section */

/* Begin PBXGroup section */
		A87E90C31FC500BF00EB57C7 = {
			isa = PBXGroup;
			children = (
				A87E90CE1FC500C000EB57C7 /* BFWatchClientDemo */,
				A87E90E81FC500C100EB57C7 /* BFWatchClientDemoTests */,
				A87E90F31FC500C200EB57C7 /* BFWatchClientDemoUITests */,
				A87E90CD1FC500C000EB57C7 /* Products */,
			);
			sourceTree = "<group>";
		};
		A87E90CD1FC500C000EB57C7 /* Products */ = {
			isa = PBXGroup;
			children = (
				A87E90CC1FC500C000EB57C7 /* BFWatchClientDemo.app */,
				A87E90E51FC500C100EB57C7 /* BFWatchClientDemoTests.xctest */,
				A87E90F01FC500C200EB57C7 /* BFWatchClientDemoUITests.xctest */,
			);
			name = Products;
			sourceTree = "<group>";
		};
		A87E90CE1FC500C000EB57C7 /* BFWatchClientDemo */ = {
			isa = PBXGroup;
			children = (
				A87E91021FC5012700EB57C7 /* Function(功能) */,
				A87E90D21FC500C100EB57C7 /* AppDelegate.h */,
				A87E90D31FC500C100EB57C7 /* AppDelegate.m */,
				A87E90D51FC500C100EB57C7 /* ViewController.h */,
				A87E90D61FC500C100EB57C7 /* ViewController.m */,
				A87E90D81FC500C100EB57C7 /* Main.storyboard */,
				A87E90DB1FC500C100EB57C7 /* Assets.xcassets */,
				A87E90DD1FC500C100EB57C7 /* LaunchScreen.storyboard */,
				A87E90E01FC500C100EB57C7 /* Info.plist */,
				A87E90CF1FC500C000EB57C7 /* Supporting Files */,
			);
			path = BFWatchClientDemo;
			sourceTree = "<group>";
		};
		A87E90CF1FC500C000EB57C7 /* Supporting Files */ = {
			isa = PBXGroup;
			children = (
				A87E90D01FC500C000EB57C7 /* main.m */,
			);
			name = "Supporting Files";
			sourceTree = "<group>";
		};
		A87E90E81FC500C100EB57C7 /* BFWatchClientDemoTests */ = {
			isa = PBXGroup;
			children = (
				A87E90E91FC500C200EB57C7 /* BFWatchClientDemoTests.m */,
				A87E90EB1FC500C200EB57C7 /* Info.plist */,
			);
			path = BFWatchClientDemoTests;
			sourceTree = "<group>";
		};
		A87E90F31FC500C200EB57C7 /* BFWatchClientDemoUITests */ = {
			isa = PBXGroup;
			children = (
				A87E90F41FC500C200EB57C7 /* BFWatchClientDemoUITests.m */,
				A87E90F61FC500C200EB57C7 /* Info.plist */,
			);
			path = BFWatchClientDemoUITests;
			sourceTree = "<group>";
		};
		A87E91021FC5012700EB57C7 /* Function(功能) */ = {
			isa = PBXGroup;
			children = (
				A87E91081FC502B600EB57C7 /* BFFunctionSB.storyboard */,
				A87E91111FC5041A00EB57C7 /* BFFunctionController.h */,
				A87E91121FC5041A00EB57C7 /* BFFunctionController.m */,
				A87E910F1FC503C700EB57C7 /* BFFunctionCell.xib */,
				A87E910C1FC503B900EB57C7 /* BFFunctionCell.h */,
				A87E910D1FC503B900EB57C7 /* BFFunctionCell.m */,
				A87E91191FC5177800EB57C7 /* BFFunctionItemView.xib */,
				A87E91161FC5176600EB57C7 /* BFFunctionItemView.h */,
				A87E91171FC5176600EB57C7 /* BFFunctionItemView.m */,
				A87E911E1FC55D6100EB57C7 /* BFFeatureModel.h */,
				A87E911F1FC55D6100EB57C7 /* BFFeatureModel.m */,
			);
			path = "Function(功能)";
			sourceTree = "<group>";
		};
/* End PBXGroup section */

/* Begin PBXNativeTarget section */
		A87E90CB1FC500BF00EB57C7 /* BFWatchClientDemo */ = {
			isa = PBXNativeTarget;
			buildConfigurationList = A87E90F91FC500C200EB57C7 /* Build configuration list for PBXNativeTarget "BFWatchClientDemo" */;
			buildPhases = (
				A87E90C81FC500BF00EB57C7 /* Sources */,
				A87E90C91FC500BF00EB57C7 /* Frameworks */,
				A87E90CA1FC500BF00EB57C7 /* Resources */,
			);
			buildRules = (
			);
			dependencies = (
			);
			name = BFWatchClientDemo;
			productName = BFWatchClientDemo;
			productReference = A87E90CC1FC500C000EB57C7 /* BFWatchClientDemo.app */;
			productType = "com.apple.product-type.application";
		};
		A87E90E41FC500C100EB57C7 /* BFWatchClientDemoTests */ = {
			isa = PBXNativeTarget;
			buildConfigurationList = A87E90FC1FC500C200EB57C7 /* Build configuration list for PBXNativeTarget "BFWatchClientDemoTests" */;
			buildPhases = (
				A87E90E11FC500C100EB57C7 /* Sources */,
				A87E90E21FC500C100EB57C7 /* Frameworks */,
				A87E90E31FC500C100EB57C7 /* Resources */,
			);
			buildRules = (
			);
			dependencies = (
				A87E90E71FC500C100EB57C7 /* PBXTargetDependency */,
			);
			name = BFWatchClientDemoTests;
			productName = BFWatchClientDemoTests;
			productReference = A87E90E51FC500C100EB57C7 /* BFWatchClientDemoTests.xctest */;
			productType = "com.apple.product-type.bundle.unit-test";
		};
		A87E90EF1FC500C200EB57C7 /* BFWatchClientDemoUITests */ = {
			isa = PBXNativeTarget;
			buildConfigurationList = A87E90FF1FC500C200EB57C7 /* Build configuration list for PBXNativeTarget "BFWatchClientDemoUITests" */;
			buildPhases = (
				A87E90EC1FC500C200EB57C7 /* Sources */,
				A87E90ED1FC500C200EB57C7 /* Frameworks */,
				A87E90EE1FC500C200EB57C7 /* Resources */,
			);
			buildRules = (
			);
			dependencies = (
				A87E90F21FC500C200EB57C7 /* PBXTargetDependency */,
			);
			name = BFWatchClientDemoUITests;
			productName = BFWatchClientDemoUITests;
			productReference = A87E90F01FC500C200EB57C7 /* BFWatchClientDemoUITests.xctest */;
			productType = "com.apple.product-type.bundle.ui-testing";
		};
/* End PBXNativeTarget section */

/* Begin PBXProject section */
		A87E90C41FC500BF00EB57C7 /* Project object */ = {
			isa = PBXProject;
			attributes = {
				LastUpgradeCheck = 0820;
				ORGANIZATIONNAME = Readboy_BFAlex;
				TargetAttributes = {
					A87E90CB1FC500BF00EB57C7 = {
						CreatedOnToolsVersion = 8.2.1;
						DevelopmentTeam = 2J5C844G24;
						ProvisioningStyle = Automatic;
					};
					A87E90E41FC500C100EB57C7 = {
						CreatedOnToolsVersion = 8.2.1;
						DevelopmentTeam = 2J5C844G24;
						ProvisioningStyle = Automatic;
						TestTargetID = A87E90CB1FC500BF00EB57C7;
					};
					A87E90EF1FC500C200EB57C7 = {
						CreatedOnToolsVersion = 8.2.1;
						DevelopmentTeam = 2J5C844G24;
						ProvisioningStyle = Automatic;
						TestTargetID = A87E90CB1FC500BF00EB57C7;
					};
				};
			};
			buildConfigurationList = A87E90C71FC500BF00EB57C7 /* Build configuration list for PBXProject "BFWatchClientDemo" */;
			compatibilityVersion = "Xcode 3.2";
			developmentRegion = English;
			hasScannedForEncodings = 0;
			knownRegions = (
				en,
				Base,
			);
			mainGroup = A87E90C31FC500BF00EB57C7;
			productRefGroup = A87E90CD1FC500C000EB57C7 /* Products */;
			projectDirPath = "";
			projectRoot = "";
			targets = (
				A87E90CB1FC500BF00EB57C7 /* BFWatchClientDemo */,
				A87E90E41FC500C100EB57C7 /* BFWatchClientDemoTests */,
				A87E90EF1FC500C200EB57C7 /* BFWatchClientDemoUITests */,
			);
		};
/* End PBXProject section */

/* Begin PBXResourcesBuildPhase section */
		A87E90CA1FC500BF00EB57C7 /* Resources */ = {
			isa = PBXResourcesBuildPhase;
			buildActionMask = 2147483647;
			files = (
				A87E90DF1FC500C100EB57C7 /* LaunchScreen.storyboard in Resources */,
				A87E911A1FC5177800EB57C7 /* BFFunctionItemView.xib in Resources */,
				A87E91101FC503C700EB57C7 /* BFFunctionCell.xib in Resources */,
				A87E90DC1FC500C100EB57C7 /* Assets.xcassets in Resources */,
				A87E91091FC502B600EB57C7 /* BFFunctionSB.storyboard in Resources */,
				A87E90DA1FC500C100EB57C7 /* Main.storyboard in Resources */,
			);
			runOnlyForDeploymentPostprocessing = 0;
		};
		A87E90E31FC500C100EB57C7 /* Resources */ = {
			isa = PBXResourcesBuildPhase;
			buildActionMask = 2147483647;
			files = (
			);
			runOnlyForDeploymentPostprocessing = 0;
		};
		A87E90EE1FC500C200EB57C7 /* Resources */ = {
			isa = PBXResourcesBuildPhase;
			buildActionMask = 2147483647;
			files = (
			);
			runOnlyForDeploymentPostprocessing = 0;
		};
/* End PBXResourcesBuildPhase section */

/* Begin PBXSourcesBuildPhase section */
		A87E90C81FC500BF00EB57C7 /* Sources */ = {
			isa = PBXSourcesBuildPhase;
			buildActionMask = 2147483647;
			files = (
				A87E90D71FC500C100EB57C7 /* ViewController.m in Sources */,
				A87E91181FC5176600EB57C7 /* BFFunctionItemView.m in Sources */,
				A87E91131FC5041A00EB57C7 /* BFFunctionController.m in Sources */,
				A87E91201FC55D6100EB57C7 /* BFFeatureModel.m in Sources */,
				A87E90D41FC500C100EB57C7 /* AppDelegate.m in Sources */,
				A87E90D11FC500C000EB57C7 /* main.m in Sources */,
				A87E910E1FC503B900EB57C7 /* BFFunctionCell.m in Sources */,
			);
			runOnlyForDeploymentPostprocessing = 0;
		};
		A87E90E11FC500C100EB57C7 /* Sources */ = {
			isa = PBXSourcesBuildPhase;
			buildActionMask = 2147483647;
			files = (
				A87E90EA1FC500C200EB57C7 /* BFWatchClientDemoTests.m in Sources */,
			);
			runOnlyForDeploymentPostprocessing = 0;
		};
		A87E90EC1FC500C200EB57C7 /* Sources */ = {
			isa = PBXSourcesBuildPhase;
			buildActionMask = 2147483647;
			files = (
				A87E90F51FC500C200EB57C7 /* BFWatchClientDemoUITests.m in Sources */,
			);
			runOnlyForDeploymentPostprocessing = 0;
		};
/* End PBXSourcesBuildPhase section */

/* Begin PBXTargetDependency section */
		A87E90E71FC500C100EB57C7 /* PBXTargetDependency */ = {
			isa = PBXTargetDependency;
			target = A87E90CB1FC500BF00EB57C7 /* BFWatchClientDemo */;
			targetProxy = A87E90E61FC500C100EB57C7 /* PBXContainerItemProxy */;
		};
		A87E90F21FC500C200EB57C7 /* PBXTargetDependency */ = {
			isa = PBXTargetDependency;
			target = A87E90CB1FC500BF00EB57C7 /* BFWatchClientDemo */;
			targetProxy = A87E90F11FC500C200EB57C7 /* PBXContainerItemProxy */;
		};
/* End PBXTargetDependency section */

/* Begin PBXVariantGroup section */
		A87E90D81FC500C100EB57C7 /* Main.storyboard */ = {
			isa = PBXVariantGroup;
			children = (
				A87E90D91FC500C100EB57C7 /* Base */,
			);
			name = Main.storyboard;
			sourceTree = "<group>";
		};
		A87E90DD1FC500C100EB57C7 /* LaunchScreen.storyboard */ = {
			isa = PBXVariantGroup;
			children = (
				A87E90DE1FC500C100EB57C7 /* Base */,
			);
			name = LaunchScreen.storyboard;
			sourceTree = "<group>";
		};
/* End PBXVariantGroup section */

/* Begin XCBuildConfiguration section */
		A87E90F71FC500C200EB57C7 /* Debug */ = {
			isa = XCBuildConfiguration;
			buildSettings = {
				ALWAYS_SEARCH_USER_PATHS = NO;
				CLANG_ANALYZER_NONNULL = YES;
				CLANG_CXX_LANGUAGE_STANDARD = "gnu++0x";
				CLANG_CXX_LIBRARY = "libc++";
				CLANG_ENABLE_MODULES = YES;
				CLANG_ENABLE_OBJC_ARC = YES;
				CLANG_WARN_BOOL_CONVERSION = YES;
				CLANG_WARN_CONSTANT_CONVERSION = YES;
				CLANG_WARN_DIRECT_OBJC_ISA_USAGE = YES_ERROR;
				CLANG_WARN_DOCUMENTATION_COMMENTS = YES;
				CLANG_WARN_EMPTY_BODY = YES;
				CLANG_WARN_ENUM_CONVERSION = YES;
				CLANG_WARN_INFINITE_RECURSION = YES;
				CLANG_WARN_INT_CONVERSION = YES;
				CLANG_WARN_OBJC_ROOT_CLASS = YES_ERROR;
				CLANG_WARN_SUSPICIOUS_MOVE = YES;
				CLANG_WARN_UNREACHABLE_CODE = YES;
				CLANG_WARN__DUPLICATE_METHOD_MATCH = YES;
				"CODE_SIGN_IDENTITY[sdk=iphoneos*]" = "iPhone Developer";
				COPY_PHASE_STRIP = NO;
				DEBUG_INFORMATION_FORMAT = dwarf;
				ENABLE_STRICT_OBJC_MSGSEND = YES;
				ENABLE_TESTABILITY = YES;
				GCC_C_LANGUAGE_STANDARD = gnu99;
				GCC_DYNAMIC_NO_PIC = NO;
				GCC_NO_COMMON_BLOCKS = YES;
				GCC_OPTIMIZATION_LEVEL = 0;
				GCC_PREPROCESSOR_DEFINITIONS = (
					"DEBUG=1",
					"$(inherited)",
				);
				GCC_WARN_64_TO_32_BIT_CONVERSION = YES;
				GCC_WARN_ABOUT_RETURN_TYPE = YES_ERROR;
				GCC_WARN_UNDECLARED_SELECTOR = YES;
				GCC_WARN_UNINITIALIZED_AUTOS = YES_AGGRESSIVE;
				GCC_WARN_UNUSED_FUNCTION = YES;
				GCC_WARN_UNUSED_VARIABLE = YES;
				IPHONEOS_DEPLOYMENT_TARGET = 10.2;
				MTL_ENABLE_DEBUG_INFO = YES;
				ONLY_ACTIVE_ARCH = YES;
				SDKROOT = iphoneos;
				TARGETED_DEVICE_FAMILY = "1,2";
			};
			name = Debug;
		};
		A87E90F81FC500C200EB57C7 /* Release */ = {
			isa = XCBuildConfiguration;
			buildSettings = {
				ALWAYS_SEARCH_USER_PATHS = NO;
				CLANG_ANALYZER_NONNULL = YES;
				CLANG_CXX_LANGUAGE_STANDARD = "gnu++0x";
				CLANG_CXX_LIBRARY = "libc++";
				CLANG_ENABLE_MODULES = YES;
				CLANG_ENABLE_OBJC_ARC = YES;
				CLANG_WARN_BOOL_CONVERSION = YES;
				CLANG_WARN_CONSTANT_CONVERSION = YES;
				CLANG_WARN_DIRECT_OBJC_ISA_USAGE = YES_ERROR;
				CLANG_WARN_DOCUMENTATION_COMMENTS = YES;
				CLANG_WARN_EMPTY_BODY = YES;
				CLANG_WARN_ENUM_CONVERSION = YES;
				CLANG_WARN_INFINITE_RECURSION = YES;
				CLANG_WARN_INT_CONVERSION = YES;
				CLANG_WARN_OBJC_ROOT_CLASS = YES_ERROR;
				CLANG_WARN_SUSPICIOUS_MOVE = YES;
				CLANG_WARN_UNREACHABLE_CODE = YES;
				CLANG_WARN__DUPLICATE_METHOD_MATCH = YES;
				"CODE_SIGN_IDENTITY[sdk=iphoneos*]" = "iPhone Developer";
				COPY_PHASE_STRIP = NO;
				DEBUG_INFORMATION_FORMAT = "dwarf-with-dsym";
				ENABLE_NS_ASSERTIONS = NO;
				ENABLE_STRICT_OBJC_MSGSEND = YES;
				GCC_C_LANGUAGE_STANDARD = gnu99;
				GCC_NO_COMMON_BLOCKS = YES;
				GCC_WARN_64_TO_32_BIT_CONVERSION = YES;
				GCC_WARN_ABOUT_RETURN_TYPE = YES_ERROR;
				GCC_WARN_UNDECLARED_SELECTOR = YES;
				GCC_WARN_UNINITIALIZED_AUTOS = YES_AGGRESSIVE;
				GCC_WARN_UNUSED_FUNCTION = YES;
				GCC_WARN_UNUSED_VARIABLE = YES;
				IPHONEOS_DEPLOYMENT_TARGET = 10.2;
				MTL_ENABLE_DEBUG_INFO = NO;
				SDKROOT = iphoneos;
				TARGETED_DEVICE_FAMILY = "1,2";
				VALIDATE_PRODUCT = YES;
			};
			name = Release;
		};
		A87E90FA1FC500C200EB57C7 /* Debug */ = {
			isa = XCBuildConfiguration;
			buildSettings = {
				ASSETCATALOG_COMPILER_APPICON_NAME = AppIcon;
				DEVELOPMENT_TEAM = 2J5C844G24;
				INFOPLIST_FILE = BFWatchClientDemo/Info.plist;
				IPHONEOS_DEPLOYMENT_TARGET = 8.0;
				LD_RUNPATH_SEARCH_PATHS = "$(inherited) @executable_path/Frameworks";
				PRODUCT_BUNDLE_IDENTIFIER = com.bf.BFWatchClientDemo;
				PRODUCT_NAME = "$(TARGET_NAME)";
			};
			name = Debug;
		};
		A87E90FB1FC500C200EB57C7 /* Release */ = {
			isa = XCBuildConfiguration;
			buildSettings = {
				ASSETCATALOG_COMPILER_APPICON_NAME = AppIcon;
				DEVELOPMENT_TEAM = 2J5C844G24;
				INFOPLIST_FILE = BFWatchClientDemo/Info.plist;
				IPHONEOS_DEPLOYMENT_TARGET = 8.0;
				LD_RUNPATH_SEARCH_PATHS = "$(inherited) @executable_path/Frameworks";
				PRODUCT_BUNDLE_IDENTIFIER = com.bf.BFWatchClientDemo;
				PRODUCT_NAME = "$(TARGET_NAME)";
			};
			name = Release;
		};
		A87E90FD1FC500C200EB57C7 /* Debug */ = {
			isa = XCBuildConfiguration;
			buildSettings = {
				BUNDLE_LOADER = "$(TEST_HOST)";
				DEVELOPMENT_TEAM = 2J5C844G24;
				INFOPLIST_FILE = BFWatchClientDemoTests/Info.plist;
				LD_RUNPATH_SEARCH_PATHS = "$(inherited) @executable_path/Frameworks @loader_path/Frameworks";
				PRODUCT_BUNDLE_IDENTIFIER = com.bf.BFWatchClientDemoTests;
				PRODUCT_NAME = "$(TARGET_NAME)";
				TEST_HOST = "$(BUILT_PRODUCTS_DIR)/BFWatchClientDemo.app/BFWatchClientDemo";
			};
			name = Debug;
		};
		A87E90FE1FC500C200EB57C7 /* Release */ = {
			isa = XCBuildConfiguration;
			buildSettings = {
				BUNDLE_LOADER = "$(TEST_HOST)";
				DEVELOPMENT_TEAM = 2J5C844G24;
				INFOPLIST_FILE = BFWatchClientDemoTests/Info.plist;
				LD_RUNPATH_SEARCH_PATHS = "$(inherited) @executable_path/Frameworks @loader_path/Frameworks";
				PRODUCT_BUNDLE_IDENTIFIER = com.bf.BFWatchClientDemoTests;
				PRODUCT_NAME = "$(TARGET_NAME)";
				TEST_HOST = "$(BUILT_PRODUCTS_DIR)/BFWatchClientDemo.app/BFWatchClientDemo";
			};
			name = Release;
		};
		A87E91001FC500C200EB57C7 /* Debug */ = {
			isa = XCBuildConfiguration;
			buildSettings = {
				DEVELOPMENT_TEAM = 2J5C844G24;
				INFOPLIST_FILE = BFWatchClientDemoUITests/Info.plist;
				LD_RUNPATH_SEARCH_PATHS = "$(inherited) @executable_path/Frameworks @loader_path/Frameworks";
				PRODUCT_BUNDLE_IDENTIFIER = com.bf.BFWatchClientDemoUITests;
				PRODUCT_NAME = "$(TARGET_NAME)";
				TEST_TARGET_NAME = BFWatchClientDemo;
			};
			name = Debug;
		};
		A87E91011FC500C200EB57C7 /* Release */ = {
			isa = XCBuildConfiguration;
			buildSettings = {
				DEVELOPMENT_TEAM = 2J5C844G24;
				INFOPLIST_FILE = BFWatchClientDemoUITests/Info.plist;
				LD_RUNPATH_SEARCH_PATHS = "$(inherited) @executable_path/Frameworks @loader_path/Frameworks";
				PRODUCT_BUNDLE_IDENTIFIER = com.bf.BFWatchClientDemoUITests;
				PRODUCT_NAME = "$(TARGET_NAME)";
				TEST_TARGET_NAME = BFWatchClientDemo;
			};
			name = Release;
		};
/* End XCBuildConfiguration section */

/* Begin XCConfigurationList section */
		A87E90C71FC500BF00EB57C7 /* Build configuration list for PBXProject "BFWatchClientDemo" */ = {
			isa = XCConfigurationList;
			buildConfigurations = (
				A87E90F71FC500C200EB57C7 /* Debug */,
				A87E90F81FC500C200EB57C7 /* Release */,
			);
			defaultConfigurationIsVisible = 0;
			defaultConfigurationName = Release;
		};
		A87E90F91FC500C200EB57C7 /* Build configuration list for PBXNativeTarget "BFWatchClientDemo" */ = {
			isa = XCConfigurationList;
			buildConfigurations = (
				A87E90FA1FC500C200EB57C7 /* Debug */,
				A87E90FB1FC500C200EB57C7 /* Release */,
			);
			defaultConfigurationIsVisible = 0;
		};
		A87E90FC1FC500C200EB57C7 /* Build configuration list for PBXNativeTarget "BFWatchClientDemoTests" */ = {
			isa = XCConfigurationList;
			buildConfigurations = (
				A87E90FD1FC500C200EB57C7 /* Debug */,
				A87E90FE1FC500C200EB57C7 /* Release */,
			);
			defaultConfigurationIsVisible = 0;
		};
		A87E90FF1FC500C200EB57C7 /* Build configuration list for PBXNativeTarget "BFWatchClientDemoUITests" */ = {
			isa = XCConfigurationList;
			buildConfigurations = (
				A87E91001FC500C200EB57C7 /* Debug */,
				A87E91011FC500C200EB57C7 /* Release */,
			);
			defaultConfigurationIsVisible = 0;
		};
/* End XCConfigurationList section */
	};
	rootObject = A87E90C41FC500BF00EB57C7 /* Project object */;
}
